// !$*UTF8*$!
{
	archiveVersion = 1;
	classes = {
	};
	objectVersion = 50;
	objects = {

/* Begin PBXBuildFile section */
		8694CF7224BB8FE1008B12BD /* main.cpp in Sources */ = {isa = PBXBuildFile; fileRef = 8694CF7124BB8FE1008B12BD /* main.cpp */; };
		8694CF8524BB91A7008B12BD /* application.cpp in Sources */ = {isa = PBXBuildFile; fileRef = 8694CF8324BB91A7008B12BD /* application.cpp */; };
		869E033A24BE589200B332D8 /* debugManager.cpp in Sources */ = {isa = PBXBuildFile; fileRef = 869E033824BE589200B332D8 /* debugManager.cpp */; };
/* End PBXBuildFile section */

/* Begin PBXCopyFilesBuildPhase section */
		8694CF6C24BB8FE1008B12BD /* CopyFiles */ = {
			isa = PBXCopyFilesBuildPhase;
			buildActionMask = 2147483647;
			dstPath = /usr/share/man/man1/;
			dstSubfolderSpec = 0;
			files = (
			);
			runOnlyForDeploymentPostprocessing = 1;
		};
/* End PBXCopyFilesBuildPhase section */

/* Begin PBXFileReference section */
		8694CF6E24BB8FE1008B12BD /* ProjectViolet */ = {isa = PBXFileReference; explicitFileType = "compiled.mach-o.executable"; includeInIndex = 0; path = ProjectViolet; sourceTree = BUILT_PRODUCTS_DIR; };
		8694CF7124BB8FE1008B12BD /* main.cpp */ = {isa = PBXFileReference; lastKnownFileType = sourcecode.cpp.cpp; path = main.cpp; sourceTree = "<group>"; };
		8694CF7D24BB90AA008B12BD /* conanbuildinfo.txt */ = {isa = PBXFileReference; fileEncoding = 4; lastKnownFileType = text; path = conanbuildinfo.txt; sourceTree = "<group>"; };
		8694CF7E24BB90AA008B12BD /* graph_info.json */ = {isa = PBXFileReference; fileEncoding = 4; lastKnownFileType = text.json; path = graph_info.json; sourceTree = "<group>"; };
		8694CF7F24BB90AA008B12BD /* conaninfo.txt */ = {isa = PBXFileReference; fileEncoding = 4; lastKnownFileType = text; path = conaninfo.txt; sourceTree = "<group>"; };
		8694CF8024BB90AA008B12BD /* conanFile.txt */ = {isa = PBXFileReference; fileEncoding = 4; lastKnownFileType = text; path = conanFile.txt; sourceTree = "<group>"; };
		8694CF8124BB90AA008B12BD /* conan.lock */ = {isa = PBXFileReference; fileEncoding = 4; lastKnownFileType = text; path = conan.lock; sourceTree = "<group>"; };
		8694CF8224BB90AA008B12BD /* conanbuildinfo.xcconfig */ = {isa = PBXFileReference; fileEncoding = 4; lastKnownFileType = text.xcconfig; path = conanbuildinfo.xcconfig; sourceTree = "<group>"; };
		8694CF8324BB91A7008B12BD /* application.cpp */ = {isa = PBXFileReference; lastKnownFileType = sourcecode.cpp.cpp; path = application.cpp; sourceTree = "<group>"; };
		8694CF8424BB91A7008B12BD /* application.hpp */ = {isa = PBXFileReference; lastKnownFileType = sourcecode.cpp.h; path = application.hpp; sourceTree = "<group>"; };
		869E033824BE589200B332D8 /* debugManager.cpp */ = {isa = PBXFileReference; lastKnownFileType = sourcecode.cpp.cpp; path = debugManager.cpp; sourceTree = "<group>"; };
		869E033924BE589200B332D8 /* debugManager.hpp */ = {isa = PBXFileReference; lastKnownFileType = sourcecode.cpp.h; path = debugManager.hpp; sourceTree = "<group>"; };
		869E033B24BE5AC300B332D8 /* debugComponents.hpp */ = {isa = PBXFileReference; lastKnownFileType = sourcecode.cpp.h; path = debugComponents.hpp; sourceTree = "<group>"; };
/* End PBXFileReference section */

/* Begin PBXFrameworksBuildPhase section */
		8694CF6B24BB8FE1008B12BD /* Frameworks */ = {
			isa = PBXFrameworksBuildPhase;
			buildActionMask = 2147483647;
			files = (
			);
			runOnlyForDeploymentPostprocessing = 0;
		};
/* End PBXFrameworksBuildPhase section */

/* Begin PBXGroup section */
		8694CF6524BB8FE1008B12BD = {
			isa = PBXGroup;
			children = (
				8694CF7024BB8FE1008B12BD /* ProjectViolet */,
				8694CF6F24BB8FE1008B12BD /* Products */,
			);
			sourceTree = "<group>";
		};
		8694CF6F24BB8FE1008B12BD /* Products */ = {
			isa = PBXGroup;
			children = (
				8694CF6E24BB8FE1008B12BD /* ProjectViolet */,
			);
			name = Products;
			sourceTree = "<group>";
		};
		8694CF7024BB8FE1008B12BD /* ProjectViolet */ = {
			isa = PBXGroup;
			children = (
				8694CF7B24BB9018008B12BD /* headers */,
				8694CF7A24BB9011008B12BD /* sources */,
				8694CF7924BB9009008B12BD /* resources */,
				8694CF7824BB8FEC008B12BD /* conanFiles */,
			);
			path = ProjectViolet;
			sourceTree = "<group>";
		};
		8694CF7824BB8FEC008B12BD /* conanFiles */ = {
			isa = PBXGroup;
			children = (
				8694CF8124BB90AA008B12BD /* conan.lock */,
				8694CF7D24BB90AA008B12BD /* conanbuildinfo.txt */,
				8694CF8224BB90AA008B12BD /* conanbuildinfo.xcconfig */,
				8694CF8024BB90AA008B12BD /* conanFile.txt */,
				8694CF7F24BB90AA008B12BD /* conaninfo.txt */,
				8694CF7E24BB90AA008B12BD /* graph_info.json */,
			);
			path = conanFiles;
			sourceTree = "<group>";
		};
		8694CF7924BB9009008B12BD /* resources */ = {
			isa = PBXGroup;
			children = (
			);
			path = resources;
			sourceTree = "<group>";
		};
		8694CF7A24BB9011008B12BD /* sources */ = {
			isa = PBXGroup;
			children = (
				8694CF8324BB91A7008B12BD /* application.cpp */,
				869E033824BE589200B332D8 /* debugManager.cpp */,
				8694CF7124BB8FE1008B12BD /* main.cpp */,
			);
			name = sources;
			sourceTree = "<group>";
		};
		8694CF7B24BB9018008B12BD /* headers */ = {
			isa = PBXGroup;
			children = (
				8694CF8424BB91A7008B12BD /* application.hpp */,
				869E033B24BE5AC300B332D8 /* debugComponents.hpp */,
				869E033924BE589200B332D8 /* debugManager.hpp */,
			);
			name = headers;
			sourceTree = "<group>";
		};
/* End PBXGroup section */

/* Begin PBXNativeTarget section */
		8694CF6D24BB8FE1008B12BD /* ProjectViolet */ = {
			isa = PBXNativeTarget;
			buildConfigurationList = 8694CF7524BB8FE1008B12BD /* Build configuration list for PBXNativeTarget "ProjectViolet" */;
			buildPhases = (
				8694CF6A24BB8FE1008B12BD /* Sources */,
				8694CF6B24BB8FE1008B12BD /* Frameworks */,
				8694CF6C24BB8FE1008B12BD /* CopyFiles */,
			);
			buildRules = (
			);
			dependencies = (
			);
			name = ProjectViolet;
			productName = ProjectViolet;
			productReference = 8694CF6E24BB8FE1008B12BD /* ProjectViolet */;
			productType = "com.apple.product-type.tool";
		};
/* End PBXNativeTarget section */

/* Begin PBXProject section */
		8694CF6624BB8FE1008B12BD /* Project object */ = {
			isa = PBXProject;
			attributes = {
				LastUpgradeCheck = 1150;
				ORGANIZATIONNAME = "Keegan Bilodeau";
				TargetAttributes = {
					8694CF6D24BB8FE1008B12BD = {
						CreatedOnToolsVersion = 11.5;
					};
				};
			};
			buildConfigurationList = 8694CF6924BB8FE1008B12BD /* Build configuration list for PBXProject "ProjectViolet" */;
			compatibilityVersion = "Xcode 9.3";
			developmentRegion = en;
			hasScannedForEncodings = 0;
			knownRegions = (
				en,
				Base,
			);
			mainGroup = 8694CF6524BB8FE1008B12BD;
			productRefGroup = 8694CF6F24BB8FE1008B12BD /* Products */;
			projectDirPath = "";
			projectRoot = "";
			targets = (
				8694CF6D24BB8FE1008B12BD /* ProjectViolet */,
			);
		};
/* End PBXProject section */

/* Begin PBXSourcesBuildPhase section */
		8694CF6A24BB8FE1008B12BD /* Sources */ = {
			isa = PBXSourcesBuildPhase;
			buildActionMask = 2147483647;
			files = (
				8694CF8524BB91A7008B12BD /* application.cpp in Sources */,
				8694CF7224BB8FE1008B12BD /* main.cpp in Sources */,
				869E033A24BE589200B332D8 /* debugManager.cpp in Sources */,
			);
			runOnlyForDeploymentPostprocessing = 0;
		};
/* End PBXSourcesBuildPhase section */

/* Begin XCBuildConfiguration section */
		8694CF7324BB8FE1008B12BD /* Debug */ = {
			isa = XCBuildConfiguration;
			baseConfigurationReference = 8694CF8224BB90AA008B12BD /* conanbuildinfo.xcconfig */;
			buildSettings = {
				ALWAYS_SEARCH_USER_PATHS = NO;
				CLANG_ANALYZER_NONNULL = YES;
				CLANG_ANALYZER_NUMBER_OBJECT_CONVERSION = YES_AGGRESSIVE;
				CLANG_CXX_LANGUAGE_STANDARD = "gnu++14";
				CLANG_CXX_LIBRARY = "libc++";
				CLANG_ENABLE_MODULES = YES;
				CLANG_ENABLE_OBJC_ARC = YES;
				CLANG_ENABLE_OBJC_WEAK = YES;
				CLANG_WARN_BLOCK_CAPTURE_AUTORELEASING = YES;
				CLANG_WARN_BOOL_CONVERSION = YES;
				CLANG_WARN_COMMA = YES;
				CLANG_WARN_CONSTANT_CONVERSION = YES;
				CLANG_WARN_DEPRECATED_OBJC_IMPLEMENTATIONS = YES;
				CLANG_WARN_DIRECT_OBJC_ISA_USAGE = YES_ERROR;
				CLANG_WARN_DOCUMENTATION_COMMENTS = YES;
				CLANG_WARN_EMPTY_BODY = YES;
				CLANG_WARN_ENUM_CONVERSION = YES;
				CLANG_WARN_INFINITE_RECURSION = YES;
				CLANG_WARN_INT_CONVERSION = YES;
				CLANG_WARN_NON_LITERAL_NULL_CONVERSION = YES;
				CLANG_WARN_OBJC_IMPLICIT_RETAIN_SELF = YES;
				CLANG_WARN_OBJC_LITERAL_CONVERSION = YES;
				CLANG_WARN_OBJC_ROOT_CLASS = YES_ERROR;
				CLANG_WARN_RANGE_LOOP_ANALYSIS = YES;
				CLANG_WARN_STRICT_PROTOTYPES = YES;
				CLANG_WARN_SUSPICIOUS_MOVE = YES;
				CLANG_WARN_UNGUARDED_AVAILABILITY = YES_AGGRESSIVE;
				CLANG_WARN_UNREACHABLE_CODE = YES;
				CLANG_WARN__DUPLICATE_METHOD_MATCH = YES;
				COPY_PHASE_STRIP = NO;
				DEBUG_INFORMATION_FORMAT = dwarf;
				ENABLE_STRICT_OBJC_MSGSEND = YES;
				ENABLE_TESTABILITY = YES;
				GCC_C_LANGUAGE_STANDARD = gnu11;
				GCC_DYNAMIC_NO_PIC = NO;
				GCC_NO_COMMON_BLOCKS = YES;
				GCC_OPTIMIZATION_LEVEL = 0;
				GCC_PREPROCESSOR_DEFINITIONS = (
					"DEBUG=1",
					"$(inherited)",
				);
				GCC_WARN_64_TO_32_BIT_CONVERSION = YES;
				GCC_WARN_ABOUT_RETURN_TYPE = YES_ERROR;
				GCC_WARN_UNDECLARED_SELECTOR = YES;
				GCC_WARN_UNINITIALIZED_AUTOS = YES_AGGRESSIVE;
				GCC_WARN_UNUSED_FUNCTION = YES;
				GCC_WARN_UNUSED_VARIABLE = YES;
				MACOSX_DEPLOYMENT_TARGET = 10.15;
				MTL_ENABLE_DEBUG_INFO = INCLUDE_SOURCE;
				MTL_FAST_MATH = YES;
				ONLY_ACTIVE_ARCH = YES;
				SDKROOT = macosx;
			};
			name = Debug;
		};
		8694CF7424BB8FE1008B12BD /* Release */ = {
			isa = XCBuildConfiguration;
			baseConfigurationReference = 8694CF8224BB90AA008B12BD /* conanbuildinfo.xcconfig */;
			buildSettings = {
				ALWAYS_SEARCH_USER_PATHS = NO;
				CLANG_ANALYZER_NONNULL = YES;
				CLANG_ANALYZER_NUMBER_OBJECT_CONVERSION = YES_AGGRESSIVE;
				CLANG_CXX_LANGUAGE_STANDARD = "gnu++14";
				CLANG_CXX_LIBRARY = "libc++";
				CLANG_ENABLE_MODULES = YES;
				CLANG_ENABLE_OBJC_ARC = YES;
				CLANG_ENABLE_OBJC_WEAK = YES;
				CLANG_WARN_BLOCK_CAPTURE_AUTORELEASING = YES;
				CLANG_WARN_BOOL_CONVERSION = YES;
				CLANG_WARN_COMMA = YES;
				CLANG_WARN_CONSTANT_CONVERSION = YES;
				CLANG_WARN_DEPRECATED_OBJC_IMPLEMENTATIONS = YES;
				CLANG_WARN_DIRECT_OBJC_ISA_USAGE = YES_ERROR;
				CLANG_WARN_DOCUMENTATION_COMMENTS = YES;
				CLANG_WARN_EMPTY_BODY = YES;
				CLANG_WARN_ENUM_CONVERSION = YES;
				CLANG_WARN_INFINITE_RECURSION = YES;
				CLANG_WARN_INT_CONVERSION = YES;
				CLANG_WARN_NON_LITERAL_NULL_CONVERSION = YES;
				CLANG_WARN_OBJC_IMPLICIT_RETAIN_SELF = YES;
				CLANG_WARN_OBJC_LITERAL_CONVERSION = YES;
				CLANG_WARN_OBJC_ROOT_CLASS = YES_ERROR;
				CLANG_WARN_RANGE_LOOP_ANALYSIS = YES;
				CLANG_WARN_STRICT_PROTOTYPES = YES;
				CLANG_WARN_SUSPICIOUS_MOVE = YES;
				CLANG_WARN_UNGUARDED_AVAILABILITY = YES_AGGRESSIVE;
				CLANG_WARN_UNREACHABLE_CODE = YES;
				CLANG_WARN__DUPLICATE_METHOD_MATCH = YES;
				COPY_PHASE_STRIP = NO;
				DEBUG_INFORMATION_FORMAT = "dwarf-with-dsym";
				ENABLE_NS_ASSERTIONS = NO;
				ENABLE_STRICT_OBJC_MSGSEND = YES;
				GCC_C_LANGUAGE_STANDARD = gnu11;
				GCC_NO_COMMON_BLOCKS = YES;
				GCC_WARN_64_TO_32_BIT_CONVERSION = YES;
				GCC_WARN_ABOUT_RETURN_TYPE = YES_ERROR;
				GCC_WARN_UNDECLARED_SELECTOR = YES;
				GCC_WARN_UNINITIALIZED_AUTOS = YES_AGGRESSIVE;
				GCC_WARN_UNUSED_FUNCTION = YES;
				GCC_WARN_UNUSED_VARIABLE = YES;
				MACOSX_DEPLOYMENT_TARGET = 10.15;
				MTL_ENABLE_DEBUG_INFO = NO;
				MTL_FAST_MATH = YES;
				SDKROOT = macosx;
			};
			name = Release;
		};
		8694CF7624BB8FE1008B12BD /* Debug */ = {
			isa = XCBuildConfiguration;
			baseConfigurationReference = 8694CF8224BB90AA008B12BD /* conanbuildinfo.xcconfig */;
			buildSettings = {
				CODE_SIGN_STYLE = Automatic;
				DEVELOPMENT_TEAM = W7FLQV7B7S;
				ENABLE_HARDENED_RUNTIME = YES;
				GCC_OPTIMIZATION_LEVEL = 2;
				PRODUCT_NAME = "$(TARGET_NAME)";
			};
			name = Debug;
		};
		8694CF7724BB8FE1008B12BD /* Release */ = {
			isa = XCBuildConfiguration;
			baseConfigurationReference = 8694CF8224BB90AA008B12BD /* conanbuildinfo.xcconfig */;
			buildSettings = {
				CODE_SIGN_STYLE = Automatic;
				DEVELOPMENT_TEAM = W7FLQV7B7S;
				ENABLE_HARDENED_RUNTIME = YES;
				PRODUCT_NAME = "$(TARGET_NAME)";
			};
			name = Release;
		};
/* End XCBuildConfiguration section */

/* Begin XCConfigurationList section */
		8694CF6924BB8FE1008B12BD /* Build configuration list for PBXProject "ProjectViolet" */ = {
			isa = XCConfigurationList;
			buildConfigurations = (
				8694CF7324BB8FE1008B12BD /* Debug */,
				8694CF7424BB8FE1008B12BD /* Release */,
			);
			defaultConfigurationIsVisible = 0;
			defaultConfigurationName = Release;
		};
		8694CF7524BB8FE1008B12BD /* Build configuration list for PBXNativeTarget "ProjectViolet" */ = {
			isa = XCConfigurationList;
			buildConfigurations = (
				8694CF7624BB8FE1008B12BD /* Debug */,
				8694CF7724BB8FE1008B12BD /* Release */,
			);
			defaultConfigurationIsVisible = 0;
			defaultConfigurationName = Release;
		};
/* End XCConfigurationList section */
	};
	rootObject = 8694CF6624BB8FE1008B12BD /* Project object */;
}
